
Microsoft Visual Studio Solution File, Format Version 12.00
# Visual Studio 15
VisualStudioVersion = 15.0.26430.16
MinimumVisualStudioVersion = 10.0.40219.1
Project("{FAE04EC0-301F-11D3-BF4B-00C04F79EFBC}") = "PuntoVenta", "PuntoVenta\PuntoVenta.csproj", "{6AEE767E-1D73-4ED9-AA65-8BCE46D79517}"
EndProject
Project("{FAE04EC0-301F-11D3-BF4B-00C04F79EFBC}") = "MiLibreria", "MiLibreria\MiLibreria.csproj", "{FC1251CE-29F6-4870-ADAD-8DCACC3604B0}"
EndProject
Global
	GlobalSection(SolutionConfigurationPlatforms) = preSolution
		Debug|Any CPU = Debug|Any CPU
		Release|Any CPU = Release|Any CPU
	EndGlobalSection
	GlobalSection(ProjectConfigurationPlatforms) = postSolution
		{6AEE767E-1D73-4ED9-AA65-8BCE46D79517}.Debug|Any CPU.ActiveCfg = Debug|Any CPU
		{6AEE767E-1D73-4ED9-AA65-8BCE46D79517}.Debug|Any CPU.Build.0 = Debug|Any CPU
		{6AEE767E-1D73-4ED9-AA65-8BCE46D79517}.Release|Any CPU.ActiveCfg = Release|Any CPU
		{6AEE767E-1D73-4ED9-AA65-8BCE46D79517}.Release|Any CPU.Build.0 = Release|Any CPU
		{FC1251CE-29F6-4870-ADAD-8DCACC3604B0}.Debug|Any CPU.ActiveCfg = Debug|Any CPU
		{FC1251CE-29F6-4870-ADAD-8DCACC3604B0}.Debug|Any CPU.Build.0 = Debug|Any CPU
		{FC1251CE-29F6-4870-ADAD-8DCACC3604B0}.Release|Any CPU.ActiveCfg = Release|Any CPU
		{FC1251CE-29F6-4870-ADAD-8DCACC3604B0}.Release|Any CPU.Build.0 = Release|Any CPU
	EndGlobalSection
	GlobalSection(SolutionProperties) = preSolution
		HideSolutionNode = FALSE
	EndGlobalSection
EndGlobal
